{
	"schema": 2,
	"root": {
		"author": "Xerrs",
		"tags": [],
		"zig_version": "0.14.0",
		"repo": "https://github.com/XerWoho/zeP",
		"name": "zeP",
		"cmd": [
			{
				"name": "release_windows",
				"cmd": "zig build -Doptimize=ReleaseFast -freference-trace -Dtarget=x86_64-windows-msvc -p tempR/w"
			}
		],
		"description": "A new zig Package manager, and version manager for zig.",
		"version": "0.6",
		"license": "GPLv3",
		"packages": [
			"clap@0.10.0"
		],
		"dev_packages": [],
		"build": {
			"entry": "/src/main.zig",
			"target": "x86_64-windows-msvc"
		}
	},
	"packages": [
		{
			"name": "clap@0.10.0",
			"hash": "1d56c59d3b1e6f23afc3002893a1d139afe8d61fe5df5d5d694d43e0f4c0384d",
			"source": "https://github.com/Hejsil/zig-clap/archive/refs/tags/0.10.0.zip",
			"zig_version": "0.14.0",
			"root_file": "/clap.zig"
		}
	]
}