{
  "schema": 1,
  "root": {
    "author": "",
    "tags": [],
    "repo": "",
    "name": "",
    "description": "",
    "version": "0.0.1",
    "license": "",
    "packages": [
      "clap"
    ],
    "devPackages": [],
    "build": {
      "entry": "src/main.zig",
      "target": ""
    }
  },
  "packages": [
    {
      "name": "clap",
      "author": "hejsil",
      "fingerprint": "16853597278313929526",
      "source": "https://github.com/Hejsil/zig-clap"
    }
  ]
}